
Microsoft Visual Studio Solution File, Format Version 12.00
# Visual Studio Version 17
VisualStudioVersion = 17.4.33213.308
MinimumVisualStudioVersion = 10.0.40219.1
Project("{FAE04EC0-301F-11D3-BF4B-00C04F79EFBC}") = "Reservas_Viajes", "Reservas_Viajes.csproj", "{A9665FFF-8848-42DA-B813-9C9EB052842D}"
EndProject
Global
	GlobalSection(SolutionConfigurationPlatforms) = preSolution
		Debug|Any CPU = Debug|Any CPU
		Release|Any CPU = Release|Any CPU
	EndGlobalSection
	GlobalSection(ProjectConfigurationPlatforms) = postSolution
		{A9665FFF-8848-42DA-B813-9C9EB052842D}.Debug|Any CPU.ActiveCfg = Debug|Any CPU
		{A9665FFF-8848-42DA-B813-9C9EB052842D}.Debug|Any CPU.Build.0 = Debug|Any CPU
		{A9665FFF-8848-42DA-B813-9C9EB052842D}.Release|Any CPU.ActiveCfg = Release|Any CPU
		{A9665FFF-8848-42DA-B813-9C9EB052842D}.Release|Any CPU.Build.0 = Release|Any CPU
	EndGlobalSection
	GlobalSection(SolutionProperties) = preSolution
		HideSolutionNode = FALSE
	EndGlobalSection
	GlobalSection(ExtensibilityGlobals) = postSolution
		SolutionGuid = {E6FEDDFD-D1B7-43B3-869B-7028630A3C01}
	EndGlobalSection
EndGlobal
